// !$*UTF8*$!
{
	archiveVersion = 1;
	classes = {
	};
	objectVersion = 56;
	objects = {

/* Begin PBXBuildFile section */
		00B4A31C81B0C9C76C74C9D9 /* WhisperCLISTTEngine.swift in Sources */ = {isa = PBXBuildFile; fileRef = 61C2FADFE32B3DFF12D20C5A /* WhisperCLISTTEngine.swift */; };
		12131F0C60E4A6F5853673F9 /* LLMEndpointTests.swift in Sources */ = {isa = PBXBuildFile; fileRef = 0D9993535E9822B4EE23C47E /* LLMEndpointTests.swift */; };
		13D1CD53938051021D06AEDE /* LLMAPIClient.swift in Sources */ = {isa = PBXBuildFile; fileRef = 1FFFC5BF16D58272ABD55CBA /* LLMAPIClient.swift */; };
		188A532842420FE0BD2BBECF /* MockLLMAPIClient.swift in Sources */ = {isa = PBXBuildFile; fileRef = 202556A7EB1F5BB55614F7B8 /* MockLLMAPIClient.swift */; };
		1FF5B48B7C83D13F18CA9776 /* KeychainManager.swift in Sources */ = {isa = PBXBuildFile; fileRef = 12421E2D2ED2E488A25F5A96 /* KeychainManager.swift */; };
		2266933E00516AD2B0AB3509 /* AppDelegate.swift in Sources */ = {isa = PBXBuildFile; fileRef = 990332E78C912D3698638D6F /* AppDelegate.swift */; };
		26C491AE3A48EF207FD495B3 /* LLMProvider.swift in Sources */ = {isa = PBXBuildFile; fileRef = BFD18DDCAC688D649565E8C3 /* LLMProvider.swift */; };
		2D63CD2F8E899CB54F047B80 /* AIVoiceKeyboardApp.swift in Sources */ = {isa = PBXBuildFile; fileRef = BB098512DE92809BDFE721E3 /* AIVoiceKeyboardApp.swift */; };
		2F5232C7F08262CEB6F71B04 /* RecordingHUDController.swift in Sources */ = {isa = PBXBuildFile; fileRef = E5F13F940873227C1756DCAC /* RecordingHUDController.swift */; };
		35FFDE52245FB23955EB69A1 /* OpenAICompatibleSTTEngine.swift in Sources */ = {isa = PBXBuildFile; fileRef = 2D8CFBF6F3EFAC99E33C20F5 /* OpenAICompatibleSTTEngine.swift */; };
		384F0371693F1A01BE675EDB /* STTSettingsSection.swift in Sources */ = {isa = PBXBuildFile; fileRef = 0E8A074180E7642DDF3FD07F /* STTSettingsSection.swift */; };
		425D38A610AEA92E9B9247A8 /* KeychainManagerTests.swift in Sources */ = {isa = PBXBuildFile; fileRef = 26534F3B81D890FF9C27F9D8 /* KeychainManagerTests.swift */; };
		457313494E728BA9C7B65E35 /* STTSettingsModel.swift in Sources */ = {isa = PBXBuildFile; fileRef = 0178E3308878A0B2C2CE2D95 /* STTSettingsModel.swift */; };
		47263C583E86975660233B2D /* PostProcessingConfig.swift in Sources */ = {isa = PBXBuildFile; fileRef = B73A758B9695DC91A92C3B90 /* PostProcessingConfig.swift */; };
		5092CFDE5C6DF7A7B43A81B2 /* PostProcessingSettingsModel.swift in Sources */ = {isa = PBXBuildFile; fileRef = 6691FBECAED7C1415C87D00E /* PostProcessingSettingsModel.swift */; };
		6C142D85C9F2DA0FA268695F /* VoiceKeyboardCore in Frameworks */ = {isa = PBXBuildFile; productRef = CEDF3561FC64F9D674DD1CEE /* VoiceKeyboardCore */; };
		70C8A57AFB35085ADA597E78 /* TextCleaner.swift in Sources */ = {isa = PBXBuildFile; fileRef = 332B2285BAD174EB5D4D1D48 /* TextCleaner.swift */; };
		75F6325B4F78629EEC22AA4A /* AnthropicClient.swift in Sources */ = {isa = PBXBuildFile; fileRef = 7DDE9293FE01BA6B7A26AE2C /* AnthropicClient.swift */; };
		983822AC57BADDFD24A7F251 /* LLMProviderFormat.swift in Sources */ = {isa = PBXBuildFile; fileRef = 86C37D2AEE974BD99C49A1D6 /* LLMProviderFormat.swift */; };
		9EF74535D947AF01E986F42F /* STTProviderStore.swift in Sources */ = {isa = PBXBuildFile; fileRef = AAC6761C79980B380DE1010B /* STTProviderStore.swift */; };
		9F7D49111009120C19DA770C /* LLMRefiner.swift in Sources */ = {isa = PBXBuildFile; fileRef = 11F64DDDB241E679A849EBC7 /* LLMRefiner.swift */; };
		AC7C4BCDEA414C6D20CFA9C2 /* AppleSpeechSTTEngine.swift in Sources */ = {isa = PBXBuildFile; fileRef = 6141A2C50B788192D5E99F74 /* AppleSpeechSTTEngine.swift */; };
		B1342D983A310DFDC468F544 /* LLMRefinerTests.swift in Sources */ = {isa = PBXBuildFile; fileRef = 6DFA9DD6CF18465DAD366C95 /* LLMRefinerTests.swift */; };
		B34828295E244BD9B35820A7 /* PermissionCenter.swift in Sources */ = {isa = PBXBuildFile; fileRef = ABCC6DA30946456FF63B6E75 /* PermissionCenter.swift */; };
		B726FCF02C01D929DCE7B7A8 /* LLMEndpoint.swift in Sources */ = {isa = PBXBuildFile; fileRef = 97A011A55C8093121E1C482D /* LLMEndpoint.swift */; };
		BC173604642856C436BC0C46 /* PushToTalkSTTSession.swift in Sources */ = {isa = PBXBuildFile; fileRef = 9525CFA467368EA8BE495BA7 /* PushToTalkSTTSession.swift */; };
		BFAC76DD1754B6849D53860D /* OpenAIClient.swift in Sources */ = {isa = PBXBuildFile; fileRef = F1DC836CE4C710E78E13E9D5 /* OpenAIClient.swift */; };
		CF2990DC2946381BCA1B5FC1 /* PermissionsGuideView.swift in Sources */ = {isa = PBXBuildFile; fileRef = E355B91727EEFB56BA1805A3 /* PermissionsGuideView.swift */; };
		C52397BD2366E5F8A3A5972C /* PostProcessingSettingsSection.swift in Sources */ = {isa = PBXBuildFile; fileRef = C12C6F1C14AA326395B95778 /* PostProcessingSettingsSection.swift */; };
		D6522BEE3F5270454BB752AD /* STTEngineFactory.swift in Sources */ = {isa = PBXBuildFile; fileRef = 7031966727210D33FE0B1309 /* STTEngineFactory.swift */; };
		DC55DABC054B6AF286A7957E /* OpenAIClientTests.swift in Sources */ = {isa = PBXBuildFile; fileRef = E3B44CA6DA2527BD61FAF9AE /* OpenAIClientTests.swift */; };
		DFE7AE8F42AC505C7E09A6F7 /* LLMAPIClientFactory.swift in Sources */ = {isa = PBXBuildFile; fileRef = 34D5705366A44370DF4CB297 /* LLMAPIClientFactory.swift */; };
		E551C5751655CF87589BB9D8 /* PostProcessingPipelineTests.swift in Sources */ = {isa = PBXBuildFile; fileRef = 87D8DE376DE66669CF9D9BAC /* PostProcessingPipelineTests.swift */; };
		EB91884252B51297C86ECE66 /* PostProcessingConfigProviderTests.swift in Sources */ = {isa = PBXBuildFile; fileRef = D4E4180EC06AE5DA70E6F70C /* PostProcessingConfigProviderTests.swift */; };
		1802C5A303884DB6B7D27C02 /* AXTextInserter.swift in Sources */ = {isa = PBXBuildFile; fileRef = F7628DE9FF1E4C19910EF7E6 /* AXTextInserter.swift */; };
		ED15A40A3D5DB285D4072A44 /* PasteTextInserter.swift in Sources */ = {isa = PBXBuildFile; fileRef = 880D46D9C4D459238B913C18 /* PasteTextInserter.swift */; };
		81FADE15F7FE4CE49366FA5F /* SmartTextInserter.swift in Sources */ = {isa = PBXBuildFile; fileRef = BEDA3CCC122D44FBAA1DF52E /* SmartTextInserter.swift */; };
		F935859A7FD9E183FEBCE2C7 /* PermissionsGuideWindowController.swift in Sources */ = {isa = PBXBuildFile; fileRef = C33B587786CBB82200622D88 /* PermissionsGuideWindowController.swift */; };
		F08844A277CBAF431AF554B0 /* GlobalHotKeyCenter.swift in Sources */ = {isa = PBXBuildFile; fileRef = 9A5C4185E01E21830F68E482 /* GlobalHotKeyCenter.swift */; };
		F50FB68F95752C3A13B3B24B /* PostProcessor.swift in Sources */ = {isa = PBXBuildFile; fileRef = 71293D1E7A37E4654058C669 /* PostProcessor.swift */; };
		FFA66575B55DD5CC4AA75D6E /* TextInserter.swift in Sources */ = {isa = PBXBuildFile; fileRef = 54F11769D72E2FB09C9B78D8 /* TextInserter.swift */; };
		E77747312F9B12A4982C90AC /* Localizable.strings in Resources */ = {isa = PBXBuildFile; fileRef = 1BD4E6B2D31AD240B12A26AC /* Localizable.strings */; };
	/* End PBXBuildFile section */

/* Begin PBXContainerItemProxy section */
		57E853819E2599C718D96278 /* PBXContainerItemProxy */ = {
			isa = PBXContainerItemProxy;
			containerPortal = D68F0D2E97E1F69B94701941 /* Project object */;
			proxyType = 1;
			remoteGlobalIDString = 062C2629EB76BD61C4E83F95;
			remoteInfo = AIVoiceKeyboard;
		};
/* End PBXContainerItemProxy section */

/* Begin PBXFileReference section */
		0178E3308878A0B2C2CE2D95 /* STTSettingsModel.swift */ = {isa = PBXFileReference; lastKnownFileType = sourcecode.swift; path = STTSettingsModel.swift; sourceTree = "<group>"; };
		0D9993535E9822B4EE23C47E /* LLMEndpointTests.swift */ = {isa = PBXFileReference; lastKnownFileType = sourcecode.swift; path = LLMEndpointTests.swift; sourceTree = "<group>"; };
		0E8A074180E7642DDF3FD07F /* STTSettingsSection.swift */ = {isa = PBXFileReference; lastKnownFileType = sourcecode.swift; path = STTSettingsSection.swift; sourceTree = "<group>"; };
		11F64DDDB241E679A849EBC7 /* LLMRefiner.swift */ = {isa = PBXFileReference; lastKnownFileType = sourcecode.swift; path = LLMRefiner.swift; sourceTree = "<group>"; };
		12421E2D2ED2E488A25F5A96 /* KeychainManager.swift */ = {isa = PBXFileReference; lastKnownFileType = sourcecode.swift; path = KeychainManager.swift; sourceTree = "<group>"; };
		1FFFC5BF16D58272ABD55CBA /* LLMAPIClient.swift */ = {isa = PBXFileReference; lastKnownFileType = sourcecode.swift; path = LLMAPIClient.swift; sourceTree = "<group>"; };
		202556A7EB1F5BB55614F7B8 /* MockLLMAPIClient.swift */ = {isa = PBXFileReference; lastKnownFileType = sourcecode.swift; path = MockLLMAPIClient.swift; sourceTree = "<group>"; };
		26534F3B81D890FF9C27F9D8 /* KeychainManagerTests.swift */ = {isa = PBXFileReference; lastKnownFileType = sourcecode.swift; path = KeychainManagerTests.swift; sourceTree = "<group>"; };
		2D8CFBF6F3EFAC99E33C20F5 /* OpenAICompatibleSTTEngine.swift */ = {isa = PBXFileReference; lastKnownFileType = sourcecode.swift; path = OpenAICompatibleSTTEngine.swift; sourceTree = "<group>"; };
		2DD65E212905B6BB33840145 /* Info.plist */ = {isa = PBXFileReference; lastKnownFileType = text.plist; path = Info.plist; sourceTree = "<group>"; };
		32B3D4893DA97C8D2376A548 /* AIVoiceKeyboardTests.xctest */ = {isa = PBXFileReference; explicitFileType = wrapper.cfbundle; includeInIndex = 0; path = AIVoiceKeyboardTests.xctest; sourceTree = BUILT_PRODUCTS_DIR; };
		332B2285BAD174EB5D4D1D48 /* TextCleaner.swift */ = {isa = PBXFileReference; lastKnownFileType = sourcecode.swift; path = TextCleaner.swift; sourceTree = "<group>"; };
		34D5705366A44370DF4CB297 /* LLMAPIClientFactory.swift */ = {isa = PBXFileReference; lastKnownFileType = sourcecode.swift; path = LLMAPIClientFactory.swift; sourceTree = "<group>"; };
		54F11769D72E2FB09C9B78D8 /* TextInserter.swift */ = {isa = PBXFileReference; lastKnownFileType = sourcecode.swift; path = TextInserter.swift; sourceTree = "<group>"; };
		F7628DE9FF1E4C19910EF7E6 /* AXTextInserter.swift */ = {isa = PBXFileReference; lastKnownFileType = sourcecode.swift; path = AXTextInserter.swift; sourceTree = "<group>"; };
		BEDA3CCC122D44FBAA1DF52E /* SmartTextInserter.swift */ = {isa = PBXFileReference; lastKnownFileType = sourcecode.swift; path = SmartTextInserter.swift; sourceTree = "<group>"; };
		6141A2C50B788192D5E99F74 /* AppleSpeechSTTEngine.swift */ = {isa = PBXFileReference; lastKnownFileType = sourcecode.swift; path = AppleSpeechSTTEngine.swift; sourceTree = "<group>"; };
		61C2FADFE32B3DFF12D20C5A /* WhisperCLISTTEngine.swift */ = {isa = PBXFileReference; lastKnownFileType = sourcecode.swift; path = WhisperCLISTTEngine.swift; sourceTree = "<group>"; };
		6691FBECAED7C1415C87D00E /* PostProcessingSettingsModel.swift */ = {isa = PBXFileReference; lastKnownFileType = sourcecode.swift; path = PostProcessingSettingsModel.swift; sourceTree = "<group>"; };
		6DFA9DD6CF18465DAD366C95 /* LLMRefinerTests.swift */ = {isa = PBXFileReference; lastKnownFileType = sourcecode.swift; path = LLMRefinerTests.swift; sourceTree = "<group>"; };
		7031966727210D33FE0B1309 /* STTEngineFactory.swift */ = {isa = PBXFileReference; lastKnownFileType = sourcecode.swift; path = STTEngineFactory.swift; sourceTree = "<group>"; };
		71293D1E7A37E4654058C669 /* PostProcessor.swift */ = {isa = PBXFileReference; lastKnownFileType = sourcecode.swift; path = PostProcessor.swift; sourceTree = "<group>"; };
		7DDE9293FE01BA6B7A26AE2C /* AnthropicClient.swift */ = {isa = PBXFileReference; lastKnownFileType = sourcecode.swift; path = AnthropicClient.swift; sourceTree = "<group>"; };
		86C37D2AEE974BD99C49A1D6 /* LLMProviderFormat.swift */ = {isa = PBXFileReference; lastKnownFileType = sourcecode.swift; path = LLMProviderFormat.swift; sourceTree = "<group>"; };
		87D8DE376DE66669CF9D9BAC /* PostProcessingPipelineTests.swift */ = {isa = PBXFileReference; lastKnownFileType = sourcecode.swift; path = PostProcessingPipelineTests.swift; sourceTree = "<group>"; };
		880D46D9C4D459238B913C18 /* PasteTextInserter.swift */ = {isa = PBXFileReference; lastKnownFileType = sourcecode.swift; path = PasteTextInserter.swift; sourceTree = "<group>"; };
		933EB4D8365EE1E0DB3742FE /* VoiceKeyboardCore */ = {isa = PBXFileReference; lastKnownFileType = folder; name = VoiceKeyboardCore; path = ../../../packages/VoiceKeyboardCore; sourceTree = SOURCE_ROOT; };
		9525CFA467368EA8BE495BA7 /* PushToTalkSTTSession.swift */ = {isa = PBXFileReference; lastKnownFileType = sourcecode.swift; path = PushToTalkSTTSession.swift; sourceTree = "<group>"; };
		97A011A55C8093121E1C482D /* LLMEndpoint.swift */ = {isa = PBXFileReference; lastKnownFileType = sourcecode.swift; path = LLMEndpoint.swift; sourceTree = "<group>"; };
		990332E78C912D3698638D6F /* AppDelegate.swift */ = {isa = PBXFileReference; lastKnownFileType = sourcecode.swift; path = AppDelegate.swift; sourceTree = "<group>"; };
		9A5C4185E01E21830F68E482 /* GlobalHotKeyCenter.swift */ = {isa = PBXFileReference; lastKnownFileType = sourcecode.swift; path = GlobalHotKeyCenter.swift; sourceTree = "<group>"; };
		AAC6761C79980B380DE1010B /* STTProviderStore.swift */ = {isa = PBXFileReference; lastKnownFileType = sourcecode.swift; path = STTProviderStore.swift; sourceTree = "<group>"; };
		ABCC6DA30946456FF63B6E75 /* PermissionCenter.swift */ = {isa = PBXFileReference; lastKnownFileType = sourcecode.swift; path = PermissionCenter.swift; sourceTree = "<group>"; };
		B73A758B9695DC91A92C3B90 /* PostProcessingConfig.swift */ = {isa = PBXFileReference; lastKnownFileType = sourcecode.swift; path = PostProcessingConfig.swift; sourceTree = "<group>"; };
		BB098512DE92809BDFE721E3 /* AIVoiceKeyboardApp.swift */ = {isa = PBXFileReference; lastKnownFileType = sourcecode.swift; path = AIVoiceKeyboardApp.swift; sourceTree = "<group>"; };
		BFD18DDCAC688D649565E8C3 /* LLMProvider.swift */ = {isa = PBXFileReference; lastKnownFileType = sourcecode.swift; path = LLMProvider.swift; sourceTree = "<group>"; };
		C33B587786CBB82200622D88 /* PermissionsGuideWindowController.swift */ = {isa = PBXFileReference; lastKnownFileType = sourcecode.swift; path = PermissionsGuideWindowController.swift; sourceTree = "<group>"; };
		C12C6F1C14AA326395B95778 /* PostProcessingSettingsSection.swift */ = {isa = PBXFileReference; lastKnownFileType = sourcecode.swift; path = PostProcessingSettingsSection.swift; sourceTree = "<group>"; };
		D3DF8CCEC1164DF60955772B /* AIVoiceKeyboard.app */ = {isa = PBXFileReference; explicitFileType = wrapper.application; includeInIndex = 0; path = AIVoiceKeyboard.app; sourceTree = BUILT_PRODUCTS_DIR; };
		D4E4180EC06AE5DA70E6F70C /* PostProcessingConfigProviderTests.swift */ = {isa = PBXFileReference; lastKnownFileType = sourcecode.swift; path = PostProcessingConfigProviderTests.swift; sourceTree = "<group>"; };
		E3B44CA6DA2527BD61FAF9AE /* OpenAIClientTests.swift */ = {isa = PBXFileReference; lastKnownFileType = sourcecode.swift; path = OpenAIClientTests.swift; sourceTree = "<group>"; };
		E355B91727EEFB56BA1805A3 /* PermissionsGuideView.swift */ = {isa = PBXFileReference; lastKnownFileType = sourcecode.swift; path = PermissionsGuideView.swift; sourceTree = "<group>"; };
		E5F13F940873227C1756DCAC /* RecordingHUDController.swift */ = {isa = PBXFileReference; lastKnownFileType = sourcecode.swift; path = RecordingHUDController.swift; sourceTree = "<group>"; };
		F1DC836CE4C710E78E13E9D5 /* OpenAIClient.swift */ = {isa = PBXFileReference; lastKnownFileType = sourcecode.swift; path = OpenAIClient.swift; sourceTree = "<group>"; };
		13ADDC9F5FEE1CC24E4B1D35 /* en */ = {isa = PBXFileReference; lastKnownFileType = text.plist.strings; name = en; path = en.lproj/Localizable.strings; sourceTree = "<group>"; };
		0768D9FAE71BDAF817BD146A /* zh-Hans */ = {isa = PBXFileReference; lastKnownFileType = text.plist.strings; name = "zh-Hans"; path = "zh-Hans.lproj/Localizable.strings"; sourceTree = "<group>"; };
		44F7C71D7ABFC92C22F33928 /* zh-Hant */ = {isa = PBXFileReference; lastKnownFileType = text.plist.strings; name = "zh-Hant"; path = "zh-Hant.lproj/Localizable.strings"; sourceTree = "<group>"; };
/* End PBXFileReference section */

/* Begin PBXFrameworksBuildPhase section */
		934F07DA020B85257327F76C /* Frameworks */ = {
			isa = PBXFrameworksBuildPhase;
			buildActionMask = 2147483647;
			files = (
				6C142D85C9F2DA0FA268695F /* VoiceKeyboardCore in Frameworks */,
			);
			runOnlyForDeploymentPostprocessing = 0;
		};
/* End PBXFrameworksBuildPhase section */

/* Begin PBXResourcesBuildPhase section */
		B5129D0F2C70325F43D0C3EB /* Resources */ = {
			isa = PBXResourcesBuildPhase;
			buildActionMask = 2147483647;
			files = (
				E77747312F9B12A4982C90AC /* Localizable.strings in Resources */,
			);
			runOnlyForDeploymentPostprocessing = 0;
		};
/* End PBXResourcesBuildPhase section */

/* Begin PBXGroup section */
		023D19B8661ECDCC8F81A51D /* Packages */ = {
			isa = PBXGroup;
			children = (
				933EB4D8365EE1E0DB3742FE /* VoiceKeyboardCore */,
			);
			name = Packages;
			sourceTree = "<group>";
		};
		0D7D8302B4B9FF7545E492B2 /* Speech */ = {
			isa = PBXGroup;
			children = (
				6141A2C50B788192D5E99F74 /* AppleSpeechSTTEngine.swift */,
				2D8CFBF6F3EFAC99E33C20F5 /* OpenAICompatibleSTTEngine.swift */,
				9525CFA467368EA8BE495BA7 /* PushToTalkSTTSession.swift */,
				7031966727210D33FE0B1309 /* STTEngineFactory.swift */,
				AAC6761C79980B380DE1010B /* STTProviderStore.swift */,
				61C2FADFE32B3DFF12D20C5A /* WhisperCLISTTEngine.swift */,
			);
			path = Speech;
			sourceTree = "<group>";
		};
		4A92329B06285FF64D19C3B8 /* PostProcessing */ = {
			isa = PBXGroup;
			children = (
				7DDE9293FE01BA6B7A26AE2C /* AnthropicClient.swift */,
				1FFFC5BF16D58272ABD55CBA /* LLMAPIClient.swift */,
				34D5705366A44370DF4CB297 /* LLMAPIClientFactory.swift */,
				97A011A55C8093121E1C482D /* LLMEndpoint.swift */,
				BFD18DDCAC688D649565E8C3 /* LLMProvider.swift */,
				86C37D2AEE974BD99C49A1D6 /* LLMProviderFormat.swift */,
				11F64DDDB241E679A849EBC7 /* LLMRefiner.swift */,
				F1DC836CE4C710E78E13E9D5 /* OpenAIClient.swift */,
				B73A758B9695DC91A92C3B90 /* PostProcessingConfig.swift */,
				71293D1E7A37E4654058C669 /* PostProcessor.swift */,
				332B2285BAD174EB5D4D1D48 /* TextCleaner.swift */,
			);
			path = PostProcessing;
			sourceTree = "<group>";
		};
		4AED26F803CCEBD4B8EE8CBF = {
			isa = PBXGroup;
			children = (
				A0BF617B5D598770A1DD309D /* AIVoiceKeyboard */,
				605C1EA84C782B8477C543AE /* AIVoiceKeyboardTests */,
				023D19B8661ECDCC8F81A51D /* Packages */,
				C4BAAD027FE72CBDF43C3059 /* Products */,
			);
			sourceTree = "<group>";
		};
		5CCD9E7B2CE311BB8ECFDCEC /* Settings */ = {
			isa = PBXGroup;
			children = (
				6691FBECAED7C1415C87D00E /* PostProcessingSettingsModel.swift */,
				C12C6F1C14AA326395B95778 /* PostProcessingSettingsSection.swift */,
				0178E3308878A0B2C2CE2D95 /* STTSettingsModel.swift */,
				0E8A074180E7642DDF3FD07F /* STTSettingsSection.swift */,
			);
			path = Settings;
			sourceTree = "<group>";
		};
		605C1EA84C782B8477C543AE /* AIVoiceKeyboardTests */ = {
			isa = PBXGroup;
			children = (
				972AD27EB92C54F358AC848D /* PostProcessing */,
			);
			path = AIVoiceKeyboardTests;
			sourceTree = "<group>";
		};
		972AD27EB92C54F358AC848D /* PostProcessing */ = {
			isa = PBXGroup;
			children = (
				26534F3B81D890FF9C27F9D8 /* KeychainManagerTests.swift */,
				0D9993535E9822B4EE23C47E /* LLMEndpointTests.swift */,
				6DFA9DD6CF18465DAD366C95 /* LLMRefinerTests.swift */,
				202556A7EB1F5BB55614F7B8 /* MockLLMAPIClient.swift */,
				E3B44CA6DA2527BD61FAF9AE /* OpenAIClientTests.swift */,
				D4E4180EC06AE5DA70E6F70C /* PostProcessingConfigProviderTests.swift */,
				87D8DE376DE66669CF9D9BAC /* PostProcessingPipelineTests.swift */,
			);
			path = PostProcessing;
			sourceTree = "<group>";
		};
		A0BF617B5D598770A1DD309D /* AIVoiceKeyboard */ = {
			isa = PBXGroup;
			children = (
				BB098512DE92809BDFE721E3 /* AIVoiceKeyboardApp.swift */,
					990332E78C912D3698638D6F /* AppDelegate.swift */,
					9A5C4185E01E21830F68E482 /* GlobalHotKeyCenter.swift */,
					2DD65E212905B6BB33840145 /* Info.plist */,
					1BD4E6B2D31AD240B12A26AC /* Localizable.strings */,
					DC2AD42EB31C03A5BBD7F4D9 /* HUD */,
					C25764340DAE45347B4DC680 /* Permissions */,
					4A92329B06285FF64D19C3B8 /* PostProcessing */,
				5CCD9E7B2CE311BB8ECFDCEC /* Settings */,
				0D7D8302B4B9FF7545E492B2 /* Speech */,
				F271F567F7F753E0CEEF261C /* TextInsertion */,
				F91AC0DEFBF4996FBAE352FA /* Utils */,
			);
			path = AIVoiceKeyboard;
			sourceTree = "<group>";
		};
		C25764340DAE45347B4DC680 /* Permissions */ = {
			isa = PBXGroup;
			children = (
				ABCC6DA30946456FF63B6E75 /* PermissionCenter.swift */,
				E355B91727EEFB56BA1805A3 /* PermissionsGuideView.swift */,
				C33B587786CBB82200622D88 /* PermissionsGuideWindowController.swift */,
			);
			path = Permissions;
			sourceTree = "<group>";
		};
		C4BAAD027FE72CBDF43C3059 /* Products */ = {
			isa = PBXGroup;
			children = (
				D3DF8CCEC1164DF60955772B /* AIVoiceKeyboard.app */,
				32B3D4893DA97C8D2376A548 /* AIVoiceKeyboardTests.xctest */,
			);
			name = Products;
			sourceTree = "<group>";
		};
		DC2AD42EB31C03A5BBD7F4D9 /* HUD */ = {
			isa = PBXGroup;
			children = (
				E5F13F940873227C1756DCAC /* RecordingHUDController.swift */,
			);
			path = HUD;
			sourceTree = "<group>";
		};
		F271F567F7F753E0CEEF261C /* TextInsertion */ = {
			isa = PBXGroup;
			children = (
				F7628DE9FF1E4C19910EF7E6 /* AXTextInserter.swift */,
				880D46D9C4D459238B913C18 /* PasteTextInserter.swift */,
				BEDA3CCC122D44FBAA1DF52E /* SmartTextInserter.swift */,
				54F11769D72E2FB09C9B78D8 /* TextInserter.swift */,
			);
			path = TextInsertion;
			sourceTree = "<group>";
		};
		F91AC0DEFBF4996FBAE352FA /* Utils */ = {
			isa = PBXGroup;
			children = (
				12421E2D2ED2E488A25F5A96 /* KeychainManager.swift */,
			);
			path = Utils;
			sourceTree = "<group>";
		};
/* End PBXGroup section */

/* Begin PBXNativeTarget section */
		062C2629EB76BD61C4E83F95 /* AIVoiceKeyboard */ = {
			isa = PBXNativeTarget;
			buildConfigurationList = F26CB501690367101D6A1E5E /* Build configuration list for PBXNativeTarget "AIVoiceKeyboard" */;
			buildPhases = (
				2CAE9DFFCB78F86EABE050F9 /* Sources */,
				B5129D0F2C70325F43D0C3EB /* Resources */,
				934F07DA020B85257327F76C /* Frameworks */,
			);
			buildRules = (
			);
			dependencies = (
			);
			name = AIVoiceKeyboard;
			packageProductDependencies = (
				CEDF3561FC64F9D674DD1CEE /* VoiceKeyboardCore */,
			);
			productName = AIVoiceKeyboard;
			productReference = D3DF8CCEC1164DF60955772B /* AIVoiceKeyboard.app */;
			productType = "com.apple.product-type.application";
		};
		B793967E374917DFF1E6AB8E /* AIVoiceKeyboardTests */ = {
			isa = PBXNativeTarget;
			buildConfigurationList = 019A0E33685CD9215B3FC224 /* Build configuration list for PBXNativeTarget "AIVoiceKeyboardTests" */;
			buildPhases = (
				37C95A81DBAB026F8B280AC0 /* Sources */,
			);
			buildRules = (
			);
			dependencies = (
				A2F95364D6CBA6094A64038B /* PBXTargetDependency */,
			);
			name = AIVoiceKeyboardTests;
			packageProductDependencies = (
			);
			productName = AIVoiceKeyboardTests;
			productReference = 32B3D4893DA97C8D2376A548 /* AIVoiceKeyboardTests.xctest */;
			productType = "com.apple.product-type.bundle.unit-test";
		};
/* End PBXNativeTarget section */

/* Begin PBXProject section */
		D68F0D2E97E1F69B94701941 /* Project object */ = {
			isa = PBXProject;
			attributes = {
				BuildIndependentTargetsInParallel = YES;
				LastUpgradeCheck = 1540;
			};
			buildConfigurationList = 6785EA6EB7838C64508E10A6 /* Build configuration list for PBXProject "AIVoiceKeyboard" */;
			compatibilityVersion = "Xcode 14.0";
			developmentRegion = en;
			hasScannedForEncodings = 0;
			knownRegions = (
				Base,
				en,
				zh-Hans,
				zh-Hant,
			);
			mainGroup = 4AED26F803CCEBD4B8EE8CBF;
			minimizedProjectReferenceProxies = 1;
			packageReferences = (
				CF64A7EC39C515836F730675 /* XCLocalSwiftPackageReference "../../../packages/VoiceKeyboardCore" */,
			);
			preferredProjectObjectVersion = 77;
			projectDirPath = "";
			projectRoot = "";
			targets = (
				062C2629EB76BD61C4E83F95 /* AIVoiceKeyboard */,
				B793967E374917DFF1E6AB8E /* AIVoiceKeyboardTests */,
			);
		};
/* End PBXProject section */

/* Begin PBXSourcesBuildPhase section */
		2CAE9DFFCB78F86EABE050F9 /* Sources */ = {
			isa = PBXSourcesBuildPhase;
			buildActionMask = 2147483647;
			files = (
				2D63CD2F8E899CB54F047B80 /* AIVoiceKeyboardApp.swift in Sources */,
				75F6325B4F78629EEC22AA4A /* AnthropicClient.swift in Sources */,
				2266933E00516AD2B0AB3509 /* AppDelegate.swift in Sources */,
				AC7C4BCDEA414C6D20CFA9C2 /* AppleSpeechSTTEngine.swift in Sources */,
				F08844A277CBAF431AF554B0 /* GlobalHotKeyCenter.swift in Sources */,
				1FF5B48B7C83D13F18CA9776 /* KeychainManager.swift in Sources */,
				13D1CD53938051021D06AEDE /* LLMAPIClient.swift in Sources */,
				DFE7AE8F42AC505C7E09A6F7 /* LLMAPIClientFactory.swift in Sources */,
				B726FCF02C01D929DCE7B7A8 /* LLMEndpoint.swift in Sources */,
				26C491AE3A48EF207FD495B3 /* LLMProvider.swift in Sources */,
				983822AC57BADDFD24A7F251 /* LLMProviderFormat.swift in Sources */,
				9F7D49111009120C19DA770C /* LLMRefiner.swift in Sources */,
				BFAC76DD1754B6849D53860D /* OpenAIClient.swift in Sources */,
				35FFDE52245FB23955EB69A1 /* OpenAICompatibleSTTEngine.swift in Sources */,
				1802C5A303884DB6B7D27C02 /* AXTextInserter.swift in Sources */,
				ED15A40A3D5DB285D4072A44 /* PasteTextInserter.swift in Sources */,
				81FADE15F7FE4CE49366FA5F /* SmartTextInserter.swift in Sources */,
				B34828295E244BD9B35820A7 /* PermissionCenter.swift in Sources */,
				CF2990DC2946381BCA1B5FC1 /* PermissionsGuideView.swift in Sources */,
				F935859A7FD9E183FEBCE2C7 /* PermissionsGuideWindowController.swift in Sources */,
				47263C583E86975660233B2D /* PostProcessingConfig.swift in Sources */,
				5092CFDE5C6DF7A7B43A81B2 /* PostProcessingSettingsModel.swift in Sources */,
				C52397BD2366E5F8A3A5972C /* PostProcessingSettingsSection.swift in Sources */,
				F50FB68F95752C3A13B3B24B /* PostProcessor.swift in Sources */,
				BC173604642856C436BC0C46 /* PushToTalkSTTSession.swift in Sources */,
				2F5232C7F08262CEB6F71B04 /* RecordingHUDController.swift in Sources */,
				D6522BEE3F5270454BB752AD /* STTEngineFactory.swift in Sources */,
				9EF74535D947AF01E986F42F /* STTProviderStore.swift in Sources */,
				457313494E728BA9C7B65E35 /* STTSettingsModel.swift in Sources */,
				384F0371693F1A01BE675EDB /* STTSettingsSection.swift in Sources */,
				70C8A57AFB35085ADA597E78 /* TextCleaner.swift in Sources */,
				FFA66575B55DD5CC4AA75D6E /* TextInserter.swift in Sources */,
				00B4A31C81B0C9C76C74C9D9 /* WhisperCLISTTEngine.swift in Sources */,
			);
			runOnlyForDeploymentPostprocessing = 0;
		};
		37C95A81DBAB026F8B280AC0 /* Sources */ = {
			isa = PBXSourcesBuildPhase;
			buildActionMask = 2147483647;
			files = (
				425D38A610AEA92E9B9247A8 /* KeychainManagerTests.swift in Sources */,
				12131F0C60E4A6F5853673F9 /* LLMEndpointTests.swift in Sources */,
				B1342D983A310DFDC468F544 /* LLMRefinerTests.swift in Sources */,
				188A532842420FE0BD2BBECF /* MockLLMAPIClient.swift in Sources */,
				DC55DABC054B6AF286A7957E /* OpenAIClientTests.swift in Sources */,
				EB91884252B51297C86ECE66 /* PostProcessingConfigProviderTests.swift in Sources */,
				E551C5751655CF87589BB9D8 /* PostProcessingPipelineTests.swift in Sources */,
			);
			runOnlyForDeploymentPostprocessing = 0;
		};
/* End PBXSourcesBuildPhase section */

/* Begin PBXTargetDependency section */
		A2F95364D6CBA6094A64038B /* PBXTargetDependency */ = {
			isa = PBXTargetDependency;
			target = 062C2629EB76BD61C4E83F95 /* AIVoiceKeyboard */;
			targetProxy = 57E853819E2599C718D96278 /* PBXContainerItemProxy */;
		};
	/* End PBXTargetDependency section */

	/* Begin PBXVariantGroup section */
		1BD4E6B2D31AD240B12A26AC /* Localizable.strings */ = {
			isa = PBXVariantGroup;
			children = (
				13ADDC9F5FEE1CC24E4B1D35 /* en */,
				0768D9FAE71BDAF817BD146A /* zh-Hans */,
				44F7C71D7ABFC92C22F33928 /* zh-Hant */,
			);
			name = Localizable.strings;
			sourceTree = "<group>";
		};
	/* End PBXVariantGroup section */

	/* Begin XCBuildConfiguration section */
		5E9C3B42F99B4E4F3F780D3F /* Release */ = {
			isa = XCBuildConfiguration;
			buildSettings = {
				ASSETCATALOG_COMPILER_APPICON_NAME = AppIcon;
				CODE_SIGNING_ALLOWED = NO;
				COMBINE_HIDPI_IMAGES = YES;
				CURRENT_PROJECT_VERSION = 1;
				INFOPLIST_FILE = AIVoiceKeyboard/Info.plist;
				LD_RUNPATH_SEARCH_PATHS = (
					"$(inherited)",
					"@executable_path/../Frameworks",
				);
				MARKETING_VERSION = 0.1.0;
				PRODUCT_BUNDLE_IDENTIFIER = tech.superbloom.aivoicekeyboard;
				SDKROOT = macosx;
			};
			name = Release;
		};
		6509D38AB9B34DCC14BDD163 /* Debug */ = {
			isa = XCBuildConfiguration;
			buildSettings = {
				ASSETCATALOG_COMPILER_APPICON_NAME = AppIcon;
				CODE_SIGNING_ALLOWED = NO;
				COMBINE_HIDPI_IMAGES = YES;
				CURRENT_PROJECT_VERSION = 1;
				INFOPLIST_FILE = AIVoiceKeyboard/Info.plist;
				LD_RUNPATH_SEARCH_PATHS = (
					"$(inherited)",
					"@executable_path/../Frameworks",
				);
				MARKETING_VERSION = 0.1.0;
				PRODUCT_BUNDLE_IDENTIFIER = tech.superbloom.aivoicekeyboard;
				SDKROOT = macosx;
			};
			name = Debug;
		};
		6681B98EAB33142F19CCAD80 /* Debug */ = {
			isa = XCBuildConfiguration;
			buildSettings = {
				ALWAYS_SEARCH_USER_PATHS = NO;
				CLANG_ANALYZER_NONNULL = YES;
				CLANG_ANALYZER_NUMBER_OBJECT_CONVERSION = YES_AGGRESSIVE;
				CLANG_CXX_LANGUAGE_STANDARD = "gnu++14";
				CLANG_CXX_LIBRARY = "libc++";
				CLANG_ENABLE_MODULES = YES;
				CLANG_ENABLE_OBJC_ARC = YES;
				CLANG_ENABLE_OBJC_WEAK = YES;
				CLANG_WARN_BLOCK_CAPTURE_AUTORELEASING = YES;
				CLANG_WARN_BOOL_CONVERSION = YES;
				CLANG_WARN_COMMA = YES;
				CLANG_WARN_CONSTANT_CONVERSION = YES;
				CLANG_WARN_DEPRECATED_OBJC_IMPLEMENTATIONS = YES;
				CLANG_WARN_DIRECT_OBJC_ISA_USAGE = YES_ERROR;
				CLANG_WARN_DOCUMENTATION_COMMENTS = YES;
				CLANG_WARN_EMPTY_BODY = YES;
				CLANG_WARN_ENUM_CONVERSION = YES;
				CLANG_WARN_INFINITE_RECURSION = YES;
				CLANG_WARN_INT_CONVERSION = YES;
				CLANG_WARN_NON_LITERAL_NULL_CONVERSION = YES;
				CLANG_WARN_OBJC_IMPLICIT_RETAIN_SELF = YES;
				CLANG_WARN_OBJC_LITERAL_CONVERSION = YES;
				CLANG_WARN_OBJC_ROOT_CLASS = YES_ERROR;
				CLANG_WARN_QUOTED_INCLUDE_IN_FRAMEWORK_HEADER = YES;
				CLANG_WARN_RANGE_LOOP_ANALYSIS = YES;
				CLANG_WARN_STRICT_PROTOTYPES = YES;
				CLANG_WARN_SUSPICIOUS_MOVE = YES;
				CLANG_WARN_UNGUARDED_AVAILABILITY = YES_AGGRESSIVE;
				CLANG_WARN_UNREACHABLE_CODE = YES;
				CLANG_WARN__DUPLICATE_METHOD_MATCH = YES;
				COPY_PHASE_STRIP = NO;
				DEBUG_INFORMATION_FORMAT = dwarf;
				ENABLE_STRICT_OBJC_MSGSEND = YES;
				ENABLE_TESTABILITY = YES;
				GCC_C_LANGUAGE_STANDARD = gnu11;
				GCC_DYNAMIC_NO_PIC = NO;
				GCC_NO_COMMON_BLOCKS = YES;
				GCC_OPTIMIZATION_LEVEL = 0;
				GCC_PREPROCESSOR_DEFINITIONS = (
					"$(inherited)",
					"DEBUG=1",
				);
				GCC_WARN_64_TO_32_BIT_CONVERSION = YES;
				GCC_WARN_ABOUT_RETURN_TYPE = YES_ERROR;
				GCC_WARN_UNDECLARED_SELECTOR = YES;
				GCC_WARN_UNINITIALIZED_AUTOS = YES_AGGRESSIVE;
				GCC_WARN_UNUSED_FUNCTION = YES;
				GCC_WARN_UNUSED_VARIABLE = YES;
				MACOSX_DEPLOYMENT_TARGET = 13.0;
				MTL_ENABLE_DEBUG_INFO = INCLUDE_SOURCE;
				MTL_FAST_MATH = YES;
				ONLY_ACTIVE_ARCH = YES;
				PRODUCT_NAME = "$(TARGET_NAME)";
				SDKROOT = macosx;
				SWIFT_ACTIVE_COMPILATION_CONDITIONS = DEBUG;
				SWIFT_OPTIMIZATION_LEVEL = "-Onone";
				SWIFT_VERSION = 5.0;
			};
			name = Debug;
		};
		7E0D6F5D78D66A0EF797D47F /* Release */ = {
			isa = XCBuildConfiguration;
			buildSettings = {
				BUNDLE_LOADER = "$(TEST_HOST)";
				COMBINE_HIDPI_IMAGES = YES;
				GENERATE_INFOPLIST_FILE = YES;
				LD_RUNPATH_SEARCH_PATHS = (
					"$(inherited)",
					"@executable_path/../Frameworks",
					"@loader_path/../Frameworks",
				);
				PRODUCT_BUNDLE_IDENTIFIER = tech.superbloom.aivoicekeyboard.tests;
				SDKROOT = macosx;
				TEST_HOST = "$(BUILT_PRODUCTS_DIR)/AIVoiceKeyboard.app/Contents/MacOS/AIVoiceKeyboard";
			};
			name = Release;
		};
		ED376B67206227BCE1D329EF /* Debug */ = {
			isa = XCBuildConfiguration;
			buildSettings = {
				BUNDLE_LOADER = "$(TEST_HOST)";
				COMBINE_HIDPI_IMAGES = YES;
				GENERATE_INFOPLIST_FILE = YES;
				LD_RUNPATH_SEARCH_PATHS = (
					"$(inherited)",
					"@executable_path/../Frameworks",
					"@loader_path/../Frameworks",
				);
				PRODUCT_BUNDLE_IDENTIFIER = tech.superbloom.aivoicekeyboard.tests;
				SDKROOT = macosx;
				TEST_HOST = "$(BUILT_PRODUCTS_DIR)/AIVoiceKeyboard.app/Contents/MacOS/AIVoiceKeyboard";
			};
			name = Debug;
		};
		EE8ED77239C784DC9671C28F /* Release */ = {
			isa = XCBuildConfiguration;
			buildSettings = {
				ALWAYS_SEARCH_USER_PATHS = NO;
				CLANG_ANALYZER_NONNULL = YES;
				CLANG_ANALYZER_NUMBER_OBJECT_CONVERSION = YES_AGGRESSIVE;
				CLANG_CXX_LANGUAGE_STANDARD = "gnu++14";
				CLANG_CXX_LIBRARY = "libc++";
				CLANG_ENABLE_MODULES = YES;
				CLANG_ENABLE_OBJC_ARC = YES;
				CLANG_ENABLE_OBJC_WEAK = YES;
				CLANG_WARN_BLOCK_CAPTURE_AUTORELEASING = YES;
				CLANG_WARN_BOOL_CONVERSION = YES;
				CLANG_WARN_COMMA = YES;
				CLANG_WARN_CONSTANT_CONVERSION = YES;
				CLANG_WARN_DEPRECATED_OBJC_IMPLEMENTATIONS = YES;
				CLANG_WARN_DIRECT_OBJC_ISA_USAGE = YES_ERROR;
				CLANG_WARN_DOCUMENTATION_COMMENTS = YES;
				CLANG_WARN_EMPTY_BODY = YES;
				CLANG_WARN_ENUM_CONVERSION = YES;
				CLANG_WARN_INFINITE_RECURSION = YES;
				CLANG_WARN_INT_CONVERSION = YES;
				CLANG_WARN_NON_LITERAL_NULL_CONVERSION = YES;
				CLANG_WARN_OBJC_IMPLICIT_RETAIN_SELF = YES;
				CLANG_WARN_OBJC_LITERAL_CONVERSION = YES;
				CLANG_WARN_OBJC_ROOT_CLASS = YES_ERROR;
				CLANG_WARN_QUOTED_INCLUDE_IN_FRAMEWORK_HEADER = YES;
				CLANG_WARN_RANGE_LOOP_ANALYSIS = YES;
				CLANG_WARN_STRICT_PROTOTYPES = YES;
				CLANG_WARN_SUSPICIOUS_MOVE = YES;
				CLANG_WARN_UNGUARDED_AVAILABILITY = YES_AGGRESSIVE;
				CLANG_WARN_UNREACHABLE_CODE = YES;
				CLANG_WARN__DUPLICATE_METHOD_MATCH = YES;
				COPY_PHASE_STRIP = NO;
				DEBUG_INFORMATION_FORMAT = "dwarf-with-dsym";
				ENABLE_NS_ASSERTIONS = NO;
				ENABLE_STRICT_OBJC_MSGSEND = YES;
				GCC_C_LANGUAGE_STANDARD = gnu11;
				GCC_NO_COMMON_BLOCKS = YES;
				GCC_WARN_64_TO_32_BIT_CONVERSION = YES;
				GCC_WARN_ABOUT_RETURN_TYPE = YES_ERROR;
				GCC_WARN_UNDECLARED_SELECTOR = YES;
				GCC_WARN_UNINITIALIZED_AUTOS = YES_AGGRESSIVE;
				GCC_WARN_UNUSED_FUNCTION = YES;
				GCC_WARN_UNUSED_VARIABLE = YES;
				MACOSX_DEPLOYMENT_TARGET = 13.0;
				MTL_ENABLE_DEBUG_INFO = NO;
				MTL_FAST_MATH = YES;
				PRODUCT_NAME = "$(TARGET_NAME)";
				SDKROOT = macosx;
				SWIFT_COMPILATION_MODE = wholemodule;
				SWIFT_OPTIMIZATION_LEVEL = "-O";
				SWIFT_VERSION = 5.0;
			};
			name = Release;
		};
/* End XCBuildConfiguration section */

/* Begin XCConfigurationList section */
		019A0E33685CD9215B3FC224 /* Build configuration list for PBXNativeTarget "AIVoiceKeyboardTests" */ = {
			isa = XCConfigurationList;
			buildConfigurations = (
				ED376B67206227BCE1D329EF /* Debug */,
				7E0D6F5D78D66A0EF797D47F /* Release */,
			);
			defaultConfigurationIsVisible = 0;
			defaultConfigurationName = Debug;
		};
		6785EA6EB7838C64508E10A6 /* Build configuration list for PBXProject "AIVoiceKeyboard" */ = {
			isa = XCConfigurationList;
			buildConfigurations = (
				6681B98EAB33142F19CCAD80 /* Debug */,
				EE8ED77239C784DC9671C28F /* Release */,
			);
			defaultConfigurationIsVisible = 0;
			defaultConfigurationName = Debug;
		};
		F26CB501690367101D6A1E5E /* Build configuration list for PBXNativeTarget "AIVoiceKeyboard" */ = {
			isa = XCConfigurationList;
			buildConfigurations = (
				6509D38AB9B34DCC14BDD163 /* Debug */,
				5E9C3B42F99B4E4F3F780D3F /* Release */,
			);
			defaultConfigurationIsVisible = 0;
			defaultConfigurationName = Debug;
		};
/* End XCConfigurationList section */

/* Begin XCLocalSwiftPackageReference section */
		CF64A7EC39C515836F730675 /* XCLocalSwiftPackageReference "../../../packages/VoiceKeyboardCore" */ = {
			isa = XCLocalSwiftPackageReference;
			relativePath = ../../../packages/VoiceKeyboardCore;
		};
/* End XCLocalSwiftPackageReference section */

/* Begin XCSwiftPackageProductDependency section */
		CEDF3561FC64F9D674DD1CEE /* VoiceKeyboardCore */ = {
			isa = XCSwiftPackageProductDependency;
			productName = VoiceKeyboardCore;
		};
/* End XCSwiftPackageProductDependency section */
	};
	rootObject = D68F0D2E97E1F69B94701941 /* Project object */;
}
